
Microsoft Visual Studio Solution File, Format Version 12.00
# Visual Studio Version 16
VisualStudioVersion = 16.0.32002.261
MinimumVisualStudioVersion = 10.0.40219.1
Project("{9A19103F-16F7-4668-BE54-9A1E7A4F7556}") = "StacksAndQueuesDataStructures", "StacksAndQueuesDataStructures\StacksAndQueuesDataStructures.csproj", "{67F3C12A-0539-4A4A-868C-7ED8633F08BD}"
EndProject
Global
	GlobalSection(SolutionConfigurationPlatforms) = preSolution
		Debug|Any CPU = Debug|Any CPU
		Release|Any CPU = Release|Any CPU
	EndGlobalSection
	GlobalSection(ProjectConfigurationPlatforms) = postSolution
		{67F3C12A-0539-4A4A-868C-7ED8633F08BD}.Debug|Any CPU.ActiveCfg = Debug|Any CPU
		{67F3C12A-0539-4A4A-868C-7ED8633F08BD}.Debug|Any CPU.Build.0 = Debug|Any CPU
		{67F3C12A-0539-4A4A-868C-7ED8633F08BD}.Release|Any CPU.ActiveCfg = Release|Any CPU
		{67F3C12A-0539-4A4A-868C-7ED8633F08BD}.Release|Any CPU.Build.0 = Release|Any CPU
	EndGlobalSection
	GlobalSection(SolutionProperties) = preSolution
		HideSolutionNode = FALSE
	EndGlobalSection
	GlobalSection(ExtensibilityGlobals) = postSolution
		SolutionGuid = {186979F5-9E81-41FB-A188-E2F9FACDC77F}
	EndGlobalSection
EndGlobal
